<?xml version="1.0" encoding="UTF-8" standalone="yes" ?>
<CodeBlocks_project_file>
	<FileVersion major="1" minor="6" />
	<Project>
		<Option title="Gyares" />
		<Option makefile_is_custom="1" />
		<Option execution_dir="/home/oliver/Development/vst/Gyares/Builds/Linux" />
		<Option pch_mode="2" />
		<Option compiler="gcc" />
		<Build>
			<Target title="Debug">
				<Option output="Builds/Linux/build/Gyares" prefix_auto="1" extension_auto="1" />
				<Option object_output="obj/Debug/" />
				<Option type="3" />
				<Option compiler="gcc" />
				<Option createDefFile="1" />
				<Option createStaticLib="1" />
				<Compiler>
					<Add option="-g" />
				</Compiler>
				<MakeCommands>
					<Build command="$make -f $makefile" />
					<CompileFile command="$make -f $makefile $file" />
					<Clean command="$make -f $makefile clean$target" />
					<DistClean command="$make -f $makefile distclean$target" />
					<AskRebuildNeeded command="$make -q -f $makefile $target" />
					<SilentBuild command="$make -f $makefile &gt; $(CMD_NULL)" />
				</MakeCommands>
			</Target>
			<Target title="Release">
				<Option output="bin/Release/Gyares" prefix_auto="1" extension_auto="1" />
				<Option object_output="obj/Release/" />
				<Option type="3" />
				<Option compiler="gcc" />
				<Option createDefFile="1" />
				<Option createStaticLib="1" />
				<Compiler>
					<Add option="-O2" />
				</Compiler>
				<Linker>
					<Add option="-s" />
				</Linker>
			</Target>
		</Build>
		<Compiler>
			<Add option="-Wall" />
			<Add option="-fexceptions" />
		</Compiler>
		<Unit filename="Source/Delay/Delay.cpp" />
		<Unit filename="Source/Delay/Delay.h" />
		<Unit filename="Source/PluginEditor.cpp" />
		<Unit filename="Source/PluginEditor.h" />
		<Unit filename="Source/PluginProcessor.cpp" />
		<Unit filename="Source/PluginProcessor.h" />
		<Unit filename="Source/StereoWidth/StereoWidth.cpp" />
		<Unit filename="Source/StereoWidth/StereoWidth.h" />
		<Unit filename="Source/Waveform/Sinewave.cpp" />
		<Unit filename="Source/Waveform/Sinewave.h" />
		<Extensions>
			<code_completion />
			<debugger />
		</Extensions>
	</Project>
</CodeBlocks_project_file>
