Microsoft Visual Studio Solution File, Format Version 11.00
# Visual Studio 2013
Project("{77E5BFC8-91F2-D07A-F775-F0E63A0754B7}") = "Gyares", "Gyares.vcxproj", "{490E204F-C483-C54C-2342-F35B70DCF139}"
EndProject
Global
	GlobalSection(SolutionConfigurationPlatforms) = preSolution
		Debug|Win32 = Debug|Win32
		Release|Win32 = Release|Win32
	EndGlobalSection
	GlobalSection(ProjectConfigurationPlatforms) = postSolution
		{490E204F-C483-C54C-2342-F35B70DCF139}.Debug|Win32.ActiveCfg = Debug|Win32
		{490E204F-C483-C54C-2342-F35B70DCF139}.Debug|Win32.Build.0 = Debug|Win32
		{490E204F-C483-C54C-2342-F35B70DCF139}.Release|Win32.ActiveCfg = Release|Win32
		{490E204F-C483-C54C-2342-F35B70DCF139}.Release|Win32.Build.0 = Release|Win32
	EndGlobalSection
	GlobalSection(SolutionProperties) = preSolution
		HideSolutionNode = FALSE
	EndGlobalSection
EndGlobal
